
Microsoft Visual Studio Solution File, Format Version 12.00
# Visual Studio Version 16
VisualStudioVersion = 16.0.32126.315
MinimumVisualStudioVersion = 10.0.40219.1
Project("{FAE04EC0-301F-11D3-BF4B-00C04F79EFBC}") = "Programming", "Programming.csproj", "{DDDD3C90-3807-400D-8675-B507DC04AE41}"
EndProject
Global
	GlobalSection(SolutionConfigurationPlatforms) = preSolution
		Debug|Any CPU = Debug|Any CPU
		Release|Any CPU = Release|Any CPU
	EndGlobalSection
	GlobalSection(ProjectConfigurationPlatforms) = postSolution
		{DDDD3C90-3807-400D-8675-B507DC04AE41}.Debug|Any CPU.ActiveCfg = Debug|Any CPU
		{DDDD3C90-3807-400D-8675-B507DC04AE41}.Debug|Any CPU.Build.0 = Debug|Any CPU
		{DDDD3C90-3807-400D-8675-B507DC04AE41}.Release|Any CPU.ActiveCfg = Release|Any CPU
		{DDDD3C90-3807-400D-8675-B507DC04AE41}.Release|Any CPU.Build.0 = Release|Any CPU
	EndGlobalSection
	GlobalSection(SolutionProperties) = preSolution
		HideSolutionNode = FALSE
	EndGlobalSection
	GlobalSection(ExtensibilityGlobals) = postSolution
		SolutionGuid = {E3F3833C-F052-4922-B500-DF11D55913EA}
	EndGlobalSection
EndGlobal
